{
  "name": "invoke-signer-tests",
  "version": "1.0.0",
  "lockfileVersion": 1,
  "requires": true,
  "dependencies": {
    "url-encode-decode": {
      "version": "1.0.0",
      "resolved": "https://registry.npmjs.org/url-encode-decode/-/url-encode-decode-1.0.0.tgz",
      "integrity": "sha512-0KsUsGXMJyUhRqPvKWnv1Q3UtWhmv09+J9WpTGMBnShD1E5/YESyBeLVQja3AP7kua/mNzJ8h5P8t4YIzD0Fbg=="
    }
  }
}
